
Microsoft Visual Studio Solution File, Format Version 12.00
# Visual Studio Version 17
VisualStudioVersion = 17.0.32014.148
MinimumVisualStudioVersion = 10.0.40219.1
Project("{FAE04EC0-301F-11D3-BF4B-00C04F79EFBC}") = "CodeAdvent2022", "CodeAdvent2022.csproj", "{45CB9E1E-86D6-4C72-BDEB-47717515456A}"
EndProject
Global
	GlobalSection(SolutionConfigurationPlatforms) = preSolution
		Debug|Any CPU = Debug|Any CPU
		Release|Any CPU = Release|Any CPU
	EndGlobalSection
	GlobalSection(ProjectConfigurationPlatforms) = postSolution
		{45CB9E1E-86D6-4C72-BDEB-47717515456A}.Debug|Any CPU.ActiveCfg = Debug|Any CPU
		{45CB9E1E-86D6-4C72-BDEB-47717515456A}.Debug|Any CPU.Build.0 = Debug|Any CPU
		{45CB9E1E-86D6-4C72-BDEB-47717515456A}.Release|Any CPU.ActiveCfg = Release|Any CPU
		{45CB9E1E-86D6-4C72-BDEB-47717515456A}.Release|Any CPU.Build.0 = Release|Any CPU
	EndGlobalSection
	GlobalSection(SolutionProperties) = preSolution
		HideSolutionNode = FALSE
	EndGlobalSection
	GlobalSection(ExtensibilityGlobals) = postSolution
		SolutionGuid = {9723547B-63A1-43F3-B053-FEEA9989F110}
	EndGlobalSection
EndGlobal
